
Microsoft Visual Studio Solution File, Format Version 12.00
# Visual Studio 15
VisualStudioVersion = 15.0.27703.2035
MinimumVisualStudioVersion = 10.0.40219.1
Project("{FAE04EC0-301F-11D3-BF4B-00C04F79EFBC}") = "react-netcore", "react-netcore\react-netcore.csproj", "{1BECA997-A241-4072-ACC1-C4024582BA85}"
EndProject
Global
	GlobalSection(SolutionConfigurationPlatforms) = preSolution
		Debug|Any CPU = Debug|Any CPU
		Release|Any CPU = Release|Any CPU
	EndGlobalSection
	GlobalSection(ProjectConfigurationPlatforms) = postSolution
		{1BECA997-A241-4072-ACC1-C4024582BA85}.Debug|Any CPU.ActiveCfg = Debug|Any CPU
		{1BECA997-A241-4072-ACC1-C4024582BA85}.Debug|Any CPU.Build.0 = Debug|Any CPU
		{1BECA997-A241-4072-ACC1-C4024582BA85}.Release|Any CPU.ActiveCfg = Release|Any CPU
		{1BECA997-A241-4072-ACC1-C4024582BA85}.Release|Any CPU.Build.0 = Release|Any CPU
	EndGlobalSection
	GlobalSection(SolutionProperties) = preSolution
		HideSolutionNode = FALSE
	EndGlobalSection
	GlobalSection(ExtensibilityGlobals) = postSolution
		SolutionGuid = {DD5A9067-E0D6-493E-8BA1-5FF2C60466F0}
	EndGlobalSection
EndGlobal
